// !$*UTF8*$!
{
	archiveVersion = 1;
	classes = {
	};
	objectVersion = 56;
	objects = {

/* Begin PBXBuildFile section */
		CD2E8B952D2071B700353496 /* FindMe Watch App.app in Embed Watch Content */ = {isa = PBXBuildFile; fileRef = CD2E8B942D2071B700353496 /* FindMe Watch App.app */; settings = {ATTRIBUTES = (RemoveHeadersOnCopy, ); }; };
		CD2E8B9A2D2071B700353496 /* FindMeApp.swift in Sources */ = {isa = PBXBuildFile; fileRef = CD2E8B992D2071B700353496 /* FindMeApp.swift */; };
		CD2E8B9C2D2071B700353496 /* ContentView.swift in Sources */ = {isa = PBXBuildFile; fileRef = CD2E8B9B2D2071B700353496 /* ContentView.swift */; };
		CD2E8B9E2D2071B900353496 /* Assets.xcassets in Resources */ = {isa = PBXBuildFile; fileRef = CD2E8B9D2D2071B900353496 /* Assets.xcassets */; };
		CD2E8BA12D2071B900353496 /* Preview Assets.xcassets in Resources */ = {isa = PBXBuildFile; fileRef = CD2E8BA02D2071B900353496 /* Preview Assets.xcassets */; };
		CD2E8BAB2D2071B900353496 /* FindMe_Watch_AppTests.swift in Sources */ = {isa = PBXBuildFile; fileRef = CD2E8BAA2D2071B900353496 /* FindMe_Watch_AppTests.swift */; };
		CD2E8BB52D2071B900353496 /* FindMe_Watch_AppUITests.swift in Sources */ = {isa = PBXBuildFile; fileRef = CD2E8BB42D2071B900353496 /* FindMe_Watch_AppUITests.swift */; };
		CD2E8BB72D2071B900353496 /* FindMe_Watch_AppUITestsLaunchTests.swift in Sources */ = {isa = PBXBuildFile; fileRef = CD2E8BB62D2071B900353496 /* FindMe_Watch_AppUITestsLaunchTests.swift */; };
/* End PBXBuildFile section */

/* Begin PBXContainerItemProxy section */
		CD2E8B962D2071B700353496 /* PBXContainerItemProxy */ = {
			isa = PBXContainerItemProxy;
			containerPortal = CD2E8B882D2071B700353496 /* Project object */;
			proxyType = 1;
			remoteGlobalIDString = CD2E8B932D2071B700353496;
			remoteInfo = "FindMe Watch App";
		};
		CD2E8BA72D2071B900353496 /* PBXContainerItemProxy */ = {
			isa = PBXContainerItemProxy;
			containerPortal = CD2E8B882D2071B700353496 /* Project object */;
			proxyType = 1;
			remoteGlobalIDString = CD2E8B932D2071B700353496;
			remoteInfo = "FindMe Watch App";
		};
		CD2E8BB12D2071B900353496 /* PBXContainerItemProxy */ = {
			isa = PBXContainerItemProxy;
			containerPortal = CD2E8B882D2071B700353496 /* Project object */;
			proxyType = 1;
			remoteGlobalIDString = CD2E8B932D2071B700353496;
			remoteInfo = "FindMe Watch App";
		};
/* End PBXContainerItemProxy section */

/* Begin PBXCopyFilesBuildPhase section */
		CD2E8BBD2D2071B900353496 /* Embed Watch Content */ = {
			isa = PBXCopyFilesBuildPhase;
			buildActionMask = 2147483647;
			dstPath = "$(CONTENTS_FOLDER_PATH)/Watch";
			dstSubfolderSpec = 16;
			files = (
				CD2E8B952D2071B700353496 /* FindMe Watch App.app in Embed Watch Content */,
			);
			name = "Embed Watch Content";
			runOnlyForDeploymentPostprocessing = 0;
		};
/* End PBXCopyFilesBuildPhase section */

/* Begin PBXFileReference section */
		CD2E8B8E2D2071B700353496 /* FindMe.app */ = {isa = PBXFileReference; explicitFileType = wrapper.application; includeInIndex = 0; path = FindMe.app; sourceTree = BUILT_PRODUCTS_DIR; };
		CD2E8B942D2071B700353496 /* FindMe Watch App.app */ = {isa = PBXFileReference; explicitFileType = wrapper.application; includeInIndex = 0; path = "FindMe Watch App.app"; sourceTree = BUILT_PRODUCTS_DIR; };
		CD2E8B992D2071B700353496 /* FindMeApp.swift */ = {isa = PBXFileReference; lastKnownFileType = sourcecode.swift; path = FindMeApp.swift; sourceTree = "<group>"; };
		CD2E8B9B2D2071B700353496 /* ContentView.swift */ = {isa = PBXFileReference; lastKnownFileType = sourcecode.swift; path = ContentView.swift; sourceTree = "<group>"; };
		CD2E8B9D2D2071B900353496 /* Assets.xcassets */ = {isa = PBXFileReference; lastKnownFileType = folder.assetcatalog; path = Assets.xcassets; sourceTree = "<group>"; };
		CD2E8BA02D2071B900353496 /* Preview Assets.xcassets */ = {isa = PBXFileReference; lastKnownFileType = folder.assetcatalog; path = "Preview Assets.xcassets"; sourceTree = "<group>"; };
		CD2E8BA62D2071B900353496 /* FindMe Watch AppTests.xctest */ = {isa = PBXFileReference; explicitFileType = wrapper.cfbundle; includeInIndex = 0; path = "FindMe Watch AppTests.xctest"; sourceTree = BUILT_PRODUCTS_DIR; };
		CD2E8BAA2D2071B900353496 /* FindMe_Watch_AppTests.swift */ = {isa = PBXFileReference; lastKnownFileType = sourcecode.swift; path = FindMe_Watch_AppTests.swift; sourceTree = "<group>"; };
		CD2E8BB02D2071B900353496 /* FindMe Watch AppUITests.xctest */ = {isa = PBXFileReference; explicitFileType = wrapper.cfbundle; includeInIndex = 0; path = "FindMe Watch AppUITests.xctest"; sourceTree = BUILT_PRODUCTS_DIR; };
		CD2E8BB42D2071B900353496 /* FindMe_Watch_AppUITests.swift */ = {isa = PBXFileReference; lastKnownFileType = sourcecode.swift; path = FindMe_Watch_AppUITests.swift; sourceTree = "<group>"; };
		CD2E8BB62D2071B900353496 /* FindMe_Watch_AppUITestsLaunchTests.swift */ = {isa = PBXFileReference; lastKnownFileType = sourcecode.swift; path = FindMe_Watch_AppUITestsLaunchTests.swift; sourceTree = "<group>"; };
/* End PBXFileReference section */

/* Begin PBXFrameworksBuildPhase section */
		CD2E8B912D2071B700353496 /* Frameworks */ = {
			isa = PBXFrameworksBuildPhase;
			buildActionMask = 2147483647;
			files = (
			);
			runOnlyForDeploymentPostprocessing = 0;
		};
		CD2E8BA32D2071B900353496 /* Frameworks */ = {
			isa = PBXFrameworksBuildPhase;
			buildActionMask = 2147483647;
			files = (
			);
			runOnlyForDeploymentPostprocessing = 0;
		};
		CD2E8BAD2D2071B900353496 /* Frameworks */ = {
			isa = PBXFrameworksBuildPhase;
			buildActionMask = 2147483647;
			files = (
			);
			runOnlyForDeploymentPostprocessing = 0;
		};
/* End PBXFrameworksBuildPhase section */

/* Begin PBXGroup section */
		CD2E8B872D2071B700353496 = {
			isa = PBXGroup;
			children = (
				CD2E8B982D2071B700353496 /* FindMe Watch App */,
				CD2E8BA92D2071B900353496 /* FindMe Watch AppTests */,
				CD2E8BB32D2071B900353496 /* FindMe Watch AppUITests */,
				CD2E8B8F2D2071B700353496 /* Products */,
			);
			sourceTree = "<group>";
		};
		CD2E8B8F2D2071B700353496 /* Products */ = {
			isa = PBXGroup;
			children = (
				CD2E8B8E2D2071B700353496 /* FindMe.app */,
				CD2E8B942D2071B700353496 /* FindMe Watch App.app */,
				CD2E8BA62D2071B900353496 /* FindMe Watch AppTests.xctest */,
				CD2E8BB02D2071B900353496 /* FindMe Watch AppUITests.xctest */,
			);
			name = Products;
			sourceTree = "<group>";
		};
		CD2E8B982D2071B700353496 /* FindMe Watch App */ = {
			isa = PBXGroup;
			children = (
				CD2E8B992D2071B700353496 /* FindMeApp.swift */,
				CD2E8B9B2D2071B700353496 /* ContentView.swift */,
				CD2E8B9D2D2071B900353496 /* Assets.xcassets */,
				CD2E8B9F2D2071B900353496 /* Preview Content */,
			);
			path = "FindMe Watch App";
			sourceTree = "<group>";
		};
		CD2E8B9F2D2071B900353496 /* Preview Content */ = {
			isa = PBXGroup;
			children = (
				CD2E8BA02D2071B900353496 /* Preview Assets.xcassets */,
			);
			path = "Preview Content";
			sourceTree = "<group>";
		};
		CD2E8BA92D2071B900353496 /* FindMe Watch AppTests */ = {
			isa = PBXGroup;
			children = (
				CD2E8BAA2D2071B900353496 /* FindMe_Watch_AppTests.swift */,
			);
			path = "FindMe Watch AppTests";
			sourceTree = "<group>";
		};
		CD2E8BB32D2071B900353496 /* FindMe Watch AppUITests */ = {
			isa = PBXGroup;
			children = (
				CD2E8BB42D2071B900353496 /* FindMe_Watch_AppUITests.swift */,
				CD2E8BB62D2071B900353496 /* FindMe_Watch_AppUITestsLaunchTests.swift */,
			);
			path = "FindMe Watch AppUITests";
			sourceTree = "<group>";
		};
/* End PBXGroup section */

/* Begin PBXNativeTarget section */
		CD2E8B8D2D2071B700353496 /* FindMe */ = {
			isa = PBXNativeTarget;
			buildConfigurationList = CD2E8BBE2D2071B900353496 /* Build configuration list for PBXNativeTarget "FindMe" */;
			buildPhases = (
				CD2E8B8C2D2071B700353496 /* Resources */,
				CD2E8BBD2D2071B900353496 /* Embed Watch Content */,
			);
			buildRules = (
			);
			dependencies = (
				CD2E8B972D2071B700353496 /* PBXTargetDependency */,
			);
			name = FindMe;
			productName = FindMe;
			productReference = CD2E8B8E2D2071B700353496 /* FindMe.app */;
			productType = "com.apple.product-type.application.watchapp2-container";
		};
		CD2E8B932D2071B700353496 /* FindMe Watch App */ = {
			isa = PBXNativeTarget;
			buildConfigurationList = CD2E8BBA2D2071B900353496 /* Build configuration list for PBXNativeTarget "FindMe Watch App" */;
			buildPhases = (
				CD2E8B902D2071B700353496 /* Sources */,
				CD2E8B912D2071B700353496 /* Frameworks */,
				CD2E8B922D2071B700353496 /* Resources */,
			);
			buildRules = (
			);
			dependencies = (
			);
			name = "FindMe Watch App";
			productName = "FindMe Watch App";
			productReference = CD2E8B942D2071B700353496 /* FindMe Watch App.app */;
			productType = "com.apple.product-type.application";
		};
		CD2E8BA52D2071B900353496 /* FindMe Watch AppTests */ = {
			isa = PBXNativeTarget;
			buildConfigurationList = CD2E8BC12D2071B900353496 /* Build configuration list for PBXNativeTarget "FindMe Watch AppTests" */;
			buildPhases = (
				CD2E8BA22D2071B900353496 /* Sources */,
				CD2E8BA32D2071B900353496 /* Frameworks */,
				CD2E8BA42D2071B900353496 /* Resources */,
			);
			buildRules = (
			);
			dependencies = (
				CD2E8BA82D2071B900353496 /* PBXTargetDependency */,
			);
			name = "FindMe Watch AppTests";
			productName = "FindMe Watch AppTests";
			productReference = CD2E8BA62D2071B900353496 /* FindMe Watch AppTests.xctest */;
			productType = "com.apple.product-type.bundle.unit-test";
		};
		CD2E8BAF2D2071B900353496 /* FindMe Watch AppUITests */ = {
			isa = PBXNativeTarget;
			buildConfigurationList = CD2E8BC42D2071B900353496 /* Build configuration list for PBXNativeTarget "FindMe Watch AppUITests" */;
			buildPhases = (
				CD2E8BAC2D2071B900353496 /* Sources */,
				CD2E8BAD2D2071B900353496 /* Frameworks */,
				CD2E8BAE2D2071B900353496 /* Resources */,
			);
			buildRules = (
			);
			dependencies = (
				CD2E8BB22D2071B900353496 /* PBXTargetDependency */,
			);
			name = "FindMe Watch AppUITests";
			productName = "FindMe Watch AppUITests";
			productReference = CD2E8BB02D2071B900353496 /* FindMe Watch AppUITests.xctest */;
			productType = "com.apple.product-type.bundle.ui-testing";
		};
/* End PBXNativeTarget section */

/* Begin PBXProject section */
		CD2E8B882D2071B700353496 /* Project object */ = {
			isa = PBXProject;
			attributes = {
				BuildIndependentTargetsInParallel = 1;
				LastSwiftUpdateCheck = 1410;
				LastUpgradeCheck = 1410;
				TargetAttributes = {
					CD2E8B8D2D2071B700353496 = {
						CreatedOnToolsVersion = 14.1;
					};
					CD2E8B932D2071B700353496 = {
						CreatedOnToolsVersion = 14.1;
					};
					CD2E8BA52D2071B900353496 = {
						CreatedOnToolsVersion = 14.1;
						TestTargetID = CD2E8B932D2071B700353496;
					};
					CD2E8BAF2D2071B900353496 = {
						CreatedOnToolsVersion = 14.1;
						TestTargetID = CD2E8B932D2071B700353496;
					};
				};
			};
			buildConfigurationList = CD2E8B8B2D2071B700353496 /* Build configuration list for PBXProject "FindMe" */;
			compatibilityVersion = "Xcode 14.0";
			developmentRegion = en;
			hasScannedForEncodings = 0;
			knownRegions = (
				en,
				Base,
			);
			mainGroup = CD2E8B872D2071B700353496;
			productRefGroup = CD2E8B8F2D2071B700353496 /* Products */;
			projectDirPath = "";
			projectRoot = "";
			targets = (
				CD2E8B8D2D2071B700353496 /* FindMe */,
				CD2E8B932D2071B700353496 /* FindMe Watch App */,
				CD2E8BA52D2071B900353496 /* FindMe Watch AppTests */,
				CD2E8BAF2D2071B900353496 /* FindMe Watch AppUITests */,
			);
		};
/* End PBXProject section */

/* Begin PBXResourcesBuildPhase section */
		CD2E8B8C2D2071B700353496 /* Resources */ = {
			isa = PBXResourcesBuildPhase;
			buildActionMask = 2147483647;
			files = (
			);
			runOnlyForDeploymentPostprocessing = 0;
		};
		CD2E8B922D2071B700353496 /* Resources */ = {
			isa = PBXResourcesBuildPhase;
			buildActionMask = 2147483647;
			files = (
				CD2E8BA12D2071B900353496 /* Preview Assets.xcassets in Resources */,
				CD2E8B9E2D2071B900353496 /* Assets.xcassets in Resources */,
			);
			runOnlyForDeploymentPostprocessing = 0;
		};
		CD2E8BA42D2071B900353496 /* Resources */ = {
			isa = PBXResourcesBuildPhase;
			buildActionMask = 2147483647;
			files = (
			);
			runOnlyForDeploymentPostprocessing = 0;
		};
		CD2E8BAE2D2071B900353496 /* Resources */ = {
			isa = PBXResourcesBuildPhase;
			buildActionMask = 2147483647;
			files = (
			);
			runOnlyForDeploymentPostprocessing = 0;
		};
/* End PBXResourcesBuildPhase section */

/* Begin PBXSourcesBuildPhase section */
		CD2E8B902D2071B700353496 /* Sources */ = {
			isa = PBXSourcesBuildPhase;
			buildActionMask = 2147483647;
			files = (
				CD2E8B9C2D2071B700353496 /* ContentView.swift in Sources */,
				CD2E8B9A2D2071B700353496 /* FindMeApp.swift in Sources */,
			);
			runOnlyForDeploymentPostprocessing = 0;
		};
		CD2E8BA22D2071B900353496 /* Sources */ = {
			isa = PBXSourcesBuildPhase;
			buildActionMask = 2147483647;
			files = (
				CD2E8BAB2D2071B900353496 /* FindMe_Watch_AppTests.swift in Sources */,
			);
			runOnlyForDeploymentPostprocessing = 0;
		};
		CD2E8BAC2D2071B900353496 /* Sources */ = {
			isa = PBXSourcesBuildPhase;
			buildActionMask = 2147483647;
			files = (
				CD2E8BB52D2071B900353496 /* FindMe_Watch_AppUITests.swift in Sources */,
				CD2E8BB72D2071B900353496 /* FindMe_Watch_AppUITestsLaunchTests.swift in Sources */,
			);
			runOnlyForDeploymentPostprocessing = 0;
		};
/* End PBXSourcesBuildPhase section */

/* Begin PBXTargetDependency section */
		CD2E8B972D2071B700353496 /* PBXTargetDependency */ = {
			isa = PBXTargetDependency;
			target = CD2E8B932D2071B700353496 /* FindMe Watch App */;
			targetProxy = CD2E8B962D2071B700353496 /* PBXContainerItemProxy */;
		};
		CD2E8BA82D2071B900353496 /* PBXTargetDependency */ = {
			isa = PBXTargetDependency;
			target = CD2E8B932D2071B700353496 /* FindMe Watch App */;
			targetProxy = CD2E8BA72D2071B900353496 /* PBXContainerItemProxy */;
		};
		CD2E8BB22D2071B900353496 /* PBXTargetDependency */ = {
			isa = PBXTargetDependency;
			target = CD2E8B932D2071B700353496 /* FindMe Watch App */;
			targetProxy = CD2E8BB12D2071B900353496 /* PBXContainerItemProxy */;
		};
/* End PBXTargetDependency section */

/* Begin XCBuildConfiguration section */
		CD2E8BB82D2071B900353496 /* Debug */ = {
			isa = XCBuildConfiguration;
			buildSettings = {
				ALWAYS_SEARCH_USER_PATHS = NO;
				CLANG_ANALYZER_NONNULL = YES;
				CLANG_ANALYZER_NUMBER_OBJECT_CONVERSION = YES_AGGRESSIVE;
				CLANG_CXX_LANGUAGE_STANDARD = "gnu++20";
				CLANG_ENABLE_MODULES = YES;
				CLANG_ENABLE_OBJC_ARC = YES;
				CLANG_ENABLE_OBJC_WEAK = YES;
				CLANG_WARN_BLOCK_CAPTURE_AUTORELEASING = YES;
				CLANG_WARN_BOOL_CONVERSION = YES;
				CLANG_WARN_COMMA = YES;
				CLANG_WARN_CONSTANT_CONVERSION = YES;
				CLANG_WARN_DEPRECATED_OBJC_IMPLEMENTATIONS = YES;
				CLANG_WARN_DIRECT_OBJC_ISA_USAGE = YES_ERROR;
				CLANG_WARN_DOCUMENTATION_COMMENTS = YES;
				CLANG_WARN_EMPTY_BODY = YES;
				CLANG_WARN_ENUM_CONVERSION = YES;
				CLANG_WARN_INFINITE_RECURSION = YES;
				CLANG_WARN_INT_CONVERSION = YES;
				CLANG_WARN_NON_LITERAL_NULL_CONVERSION = YES;
				CLANG_WARN_OBJC_IMPLICIT_RETAIN_SELF = YES;
				CLANG_WARN_OBJC_LITERAL_CONVERSION = YES;
				CLANG_WARN_OBJC_ROOT_CLASS = YES_ERROR;
				CLANG_WARN_QUOTED_INCLUDE_IN_FRAMEWORK_HEADER = YES;
				CLANG_WARN_RANGE_LOOP_ANALYSIS = YES;
				CLANG_WARN_STRICT_PROTOTYPES = YES;
				CLANG_WARN_SUSPICIOUS_MOVE = YES;
				CLANG_WARN_UNGUARDED_AVAILABILITY = YES_AGGRESSIVE;
				CLANG_WARN_UNREACHABLE_CODE = YES;
				CLANG_WARN__DUPLICATE_METHOD_MATCH = YES;
				COPY_PHASE_STRIP = NO;
				DEBUG_INFORMATION_FORMAT = dwarf;
				ENABLE_STRICT_OBJC_MSGSEND = YES;
				ENABLE_TESTABILITY = YES;
				GCC_C_LANGUAGE_STANDARD = gnu11;
				GCC_DYNAMIC_NO_PIC = NO;
				GCC_NO_COMMON_BLOCKS = YES;
				GCC_OPTIMIZATION_LEVEL = 0;
				GCC_PREPROCESSOR_DEFINITIONS = (
					"DEBUG=1",
					"$(inherited)",
				);
				GCC_WARN_64_TO_32_BIT_CONVERSION = YES;
				GCC_WARN_ABOUT_RETURN_TYPE = YES_ERROR;
				GCC_WARN_UNDECLARED_SELECTOR = YES;
				GCC_WARN_UNINITIALIZED_AUTOS = YES_AGGRESSIVE;
				GCC_WARN_UNUSED_FUNCTION = YES;
				GCC_WARN_UNUSED_VARIABLE = YES;
				MTL_ENABLE_DEBUG_INFO = INCLUDE_SOURCE;
				MTL_FAST_MATH = YES;
				ONLY_ACTIVE_ARCH = YES;
				SWIFT_ACTIVE_COMPILATION_CONDITIONS = DEBUG;
				SWIFT_OPTIMIZATION_LEVEL = "-Onone";
			};
			name = Debug;
		};
		CD2E8BB92D2071B900353496 /* Release */ = {
			isa = XCBuildConfiguration;
			buildSettings = {
				ALWAYS_SEARCH_USER_PATHS = NO;
				CLANG_ANALYZER_NONNULL = YES;
				CLANG_ANALYZER_NUMBER_OBJECT_CONVERSION = YES_AGGRESSIVE;
				CLANG_CXX_LANGUAGE_STANDARD = "gnu++20";
				CLANG_ENABLE_MODULES = YES;
				CLANG_ENABLE_OBJC_ARC = YES;
				CLANG_ENABLE_OBJC_WEAK = YES;
				CLANG_WARN_BLOCK_CAPTURE_AUTORELEASING = YES;
				CLANG_WARN_BOOL_CONVERSION = YES;
				CLANG_WARN_COMMA = YES;
				CLANG_WARN_CONSTANT_CONVERSION = YES;
				CLANG_WARN_DEPRECATED_OBJC_IMPLEMENTATIONS = YES;
				CLANG_WARN_DIRECT_OBJC_ISA_USAGE = YES_ERROR;
				CLANG_WARN_DOCUMENTATION_COMMENTS = YES;
				CLANG_WARN_EMPTY_BODY = YES;
				CLANG_WARN_ENUM_CONVERSION = YES;
				CLANG_WARN_INFINITE_RECURSION = YES;
				CLANG_WARN_INT_CONVERSION = YES;
				CLANG_WARN_NON_LITERAL_NULL_CONVERSION = YES;
				CLANG_WARN_OBJC_IMPLICIT_RETAIN_SELF = YES;
				CLANG_WARN_OBJC_LITERAL_CONVERSION = YES;
				CLANG_WARN_OBJC_ROOT_CLASS = YES_ERROR;
				CLANG_WARN_QUOTED_INCLUDE_IN_FRAMEWORK_HEADER = YES;
				CLANG_WARN_RANGE_LOOP_ANALYSIS = YES;
				CLANG_WARN_STRICT_PROTOTYPES = YES;
				CLANG_WARN_SUSPICIOUS_MOVE = YES;
				CLANG_WARN_UNGUARDED_AVAILABILITY = YES_AGGRESSIVE;
				CLANG_WARN_UNREACHABLE_CODE = YES;
				CLANG_WARN__DUPLICATE_METHOD_MATCH = YES;
				COPY_PHASE_STRIP = NO;
				DEBUG_INFORMATION_FORMAT = "dwarf-with-dsym";
				ENABLE_NS_ASSERTIONS = NO;
				ENABLE_STRICT_OBJC_MSGSEND = YES;
				GCC_C_LANGUAGE_STANDARD = gnu11;
				GCC_NO_COMMON_BLOCKS = YES;
				GCC_WARN_64_TO_32_BIT_CONVERSION = YES;
				GCC_WARN_ABOUT_RETURN_TYPE = YES_ERROR;
				GCC_WARN_UNDECLARED_SELECTOR = YES;
				GCC_WARN_UNINITIALIZED_AUTOS = YES_AGGRESSIVE;
				GCC_WARN_UNUSED_FUNCTION = YES;
				GCC_WARN_UNUSED_VARIABLE = YES;
				MTL_ENABLE_DEBUG_INFO = NO;
				MTL_FAST_MATH = YES;
				SWIFT_COMPILATION_MODE = wholemodule;
				SWIFT_OPTIMIZATION_LEVEL = "-O";
			};
			name = Release;
		};
		CD2E8BBB2D2071B900353496 /* Debug */ = {
			isa = XCBuildConfiguration;
			buildSettings = {
				ASSETCATALOG_COMPILER_APPICON_NAME = AppIcon;
				ASSETCATALOG_COMPILER_GLOBAL_ACCENT_COLOR_NAME = AccentColor;
				CODE_SIGN_STYLE = Automatic;
				CURRENT_PROJECT_VERSION = 1;
				DEVELOPMENT_ASSET_PATHS = "\"FindMe Watch App/Preview Content\"";
				ENABLE_PREVIEWS = YES;
				GENERATE_INFOPLIST_FILE = YES;
				INFOPLIST_KEY_CFBundleDisplayName = FindMe;
				INFOPLIST_KEY_UISupportedInterfaceOrientations = "UIInterfaceOrientationPortrait UIInterfaceOrientationPortraitUpsideDown";
				INFOPLIST_KEY_WKWatchOnly = YES;
				LD_RUNPATH_SEARCH_PATHS = (
					"$(inherited)",
					"@executable_path/Frameworks",
				);
				MARKETING_VERSION = 1.0;
				PRODUCT_BUNDLE_IDENTIFIER = CihanYilmaz.FindMe.watchkitapp;
				PRODUCT_NAME = "$(TARGET_NAME)";
				SDKROOT = watchos;
				SKIP_INSTALL = YES;
				SWIFT_EMIT_LOC_STRINGS = YES;
				SWIFT_VERSION = 5.0;
				TARGETED_DEVICE_FAMILY = 4;
				WATCHOS_DEPLOYMENT_TARGET = 9.1;
			};
			name = Debug;
		};
		CD2E8BBC2D2071B900353496 /* Release */ = {
			isa = XCBuildConfiguration;
			buildSettings = {
				ASSETCATALOG_COMPILER_APPICON_NAME = AppIcon;
				ASSETCATALOG_COMPILER_GLOBAL_ACCENT_COLOR_NAME = AccentColor;
				CODE_SIGN_STYLE = Automatic;
				CURRENT_PROJECT_VERSION = 1;
				DEVELOPMENT_ASSET_PATHS = "\"FindMe Watch App/Preview Content\"";
				ENABLE_PREVIEWS = YES;
				GENERATE_INFOPLIST_FILE = YES;
				INFOPLIST_KEY_CFBundleDisplayName = FindMe;
				INFOPLIST_KEY_UISupportedInterfaceOrientations = "UIInterfaceOrientationPortrait UIInterfaceOrientationPortraitUpsideDown";
				INFOPLIST_KEY_WKWatchOnly = YES;
				LD_RUNPATH_SEARCH_PATHS = (
					"$(inherited)",
					"@executable_path/Frameworks",
				);
				MARKETING_VERSION = 1.0;
				PRODUCT_BUNDLE_IDENTIFIER = CihanYilmaz.FindMe.watchkitapp;
				PRODUCT_NAME = "$(TARGET_NAME)";
				SDKROOT = watchos;
				SKIP_INSTALL = YES;
				SWIFT_EMIT_LOC_STRINGS = YES;
				SWIFT_VERSION = 5.0;
				TARGETED_DEVICE_FAMILY = 4;
				VALIDATE_PRODUCT = YES;
				WATCHOS_DEPLOYMENT_TARGET = 9.1;
			};
			name = Release;
		};
		CD2E8BBF2D2071B900353496 /* Debug */ = {
			isa = XCBuildConfiguration;
			buildSettings = {
				ALWAYS_EMBED_SWIFT_STANDARD_LIBRARIES = YES;
				CODE_SIGN_STYLE = Automatic;
				CURRENT_PROJECT_VERSION = 1;
				INFOPLIST_KEY_CFBundleDisplayName = FindMe;
				MARKETING_VERSION = 1.0;
				PRODUCT_BUNDLE_IDENTIFIER = CihanYilmaz.FindMe;
				PRODUCT_NAME = "$(TARGET_NAME)";
				SDKROOT = iphoneos;
				SWIFT_VERSION = 5.0;
			};
			name = Debug;
		};
		CD2E8BC02D2071B900353496 /* Release */ = {
			isa = XCBuildConfiguration;
			buildSettings = {
				ALWAYS_EMBED_SWIFT_STANDARD_LIBRARIES = YES;
				CODE_SIGN_STYLE = Automatic;
				CURRENT_PROJECT_VERSION = 1;
				INFOPLIST_KEY_CFBundleDisplayName = FindMe;
				MARKETING_VERSION = 1.0;
				PRODUCT_BUNDLE_IDENTIFIER = CihanYilmaz.FindMe;
				PRODUCT_NAME = "$(TARGET_NAME)";
				SDKROOT = iphoneos;
				SWIFT_VERSION = 5.0;
				VALIDATE_PRODUCT = YES;
			};
			name = Release;
		};
		CD2E8BC22D2071B900353496 /* Debug */ = {
			isa = XCBuildConfiguration;
			buildSettings = {
				ALWAYS_EMBED_SWIFT_STANDARD_LIBRARIES = YES;
				BUNDLE_LOADER = "$(TEST_HOST)";
				CODE_SIGN_STYLE = Automatic;
				CURRENT_PROJECT_VERSION = 1;
				GENERATE_INFOPLIST_FILE = YES;
				MARKETING_VERSION = 1.0;
				PRODUCT_BUNDLE_IDENTIFIER = "CihanYilmaz.FindMe-Watch-AppTests";
				PRODUCT_NAME = "$(TARGET_NAME)";
				SDKROOT = watchos;
				SWIFT_EMIT_LOC_STRINGS = NO;
				SWIFT_VERSION = 5.0;
				TARGETED_DEVICE_FAMILY = 4;
				TEST_HOST = "$(BUILT_PRODUCTS_DIR)/FindMe Watch App.app/$(BUNDLE_EXECUTABLE_FOLDER_PATH)/FindMe Watch App";
				WATCHOS_DEPLOYMENT_TARGET = 9.1;
			};
			name = Debug;
		};
		CD2E8BC32D2071B900353496 /* Release */ = {
			isa = XCBuildConfiguration;
			buildSettings = {
				ALWAYS_EMBED_SWIFT_STANDARD_LIBRARIES = YES;
				BUNDLE_LOADER = "$(TEST_HOST)";
				CODE_SIGN_STYLE = Automatic;
				CURRENT_PROJECT_VERSION = 1;
				GENERATE_INFOPLIST_FILE = YES;
				MARKETING_VERSION = 1.0;
				PRODUCT_BUNDLE_IDENTIFIER = "CihanYilmaz.FindMe-Watch-AppTests";
				PRODUCT_NAME = "$(TARGET_NAME)";
				SDKROOT = watchos;
				SWIFT_EMIT_LOC_STRINGS = NO;
				SWIFT_VERSION = 5.0;
				TARGETED_DEVICE_FAMILY = 4;
				TEST_HOST = "$(BUILT_PRODUCTS_DIR)/FindMe Watch App.app/$(BUNDLE_EXECUTABLE_FOLDER_PATH)/FindMe Watch App";
				VALIDATE_PRODUCT = YES;
				WATCHOS_DEPLOYMENT_TARGET = 9.1;
			};
			name = Release;
		};
		CD2E8BC52D2071B900353496 /* Debug */ = {
			isa = XCBuildConfiguration;
			buildSettings = {
				ALWAYS_EMBED_SWIFT_STANDARD_LIBRARIES = YES;
				CODE_SIGN_STYLE = Automatic;
				CURRENT_PROJECT_VERSION = 1;
				GENERATE_INFOPLIST_FILE = YES;
				MARKETING_VERSION = 1.0;
				PRODUCT_BUNDLE_IDENTIFIER = "CihanYilmaz.FindMe-Watch-AppUITests";
				PRODUCT_NAME = "$(TARGET_NAME)";
				SDKROOT = watchos;
				SWIFT_EMIT_LOC_STRINGS = NO;
				SWIFT_VERSION = 5.0;
				TARGETED_DEVICE_FAMILY = 4;
				TEST_TARGET_NAME = "FindMe Watch App";
				WATCHOS_DEPLOYMENT_TARGET = 9.1;
			};
			name = Debug;
		};
		CD2E8BC62D2071B900353496 /* Release */ = {
			isa = XCBuildConfiguration;
			buildSettings = {
				ALWAYS_EMBED_SWIFT_STANDARD_LIBRARIES = YES;
				CODE_SIGN_STYLE = Automatic;
				CURRENT_PROJECT_VERSION = 1;
				GENERATE_INFOPLIST_FILE = YES;
				MARKETING_VERSION = 1.0;
				PRODUCT_BUNDLE_IDENTIFIER = "CihanYilmaz.FindMe-Watch-AppUITests";
				PRODUCT_NAME = "$(TARGET_NAME)";
				SDKROOT = watchos;
				SWIFT_EMIT_LOC_STRINGS = NO;
				SWIFT_VERSION = 5.0;
				TARGETED_DEVICE_FAMILY = 4;
				TEST_TARGET_NAME = "FindMe Watch App";
				VALIDATE_PRODUCT = YES;
				WATCHOS_DEPLOYMENT_TARGET = 9.1;
			};
			name = Release;
		};
/* End XCBuildConfiguration section */

/* Begin XCConfigurationList section */
		CD2E8B8B2D2071B700353496 /* Build configuration list for PBXProject "FindMe" */ = {
			isa = XCConfigurationList;
			buildConfigurations = (
				CD2E8BB82D2071B900353496 /* Debug */,
				CD2E8BB92D2071B900353496 /* Release */,
			);
			defaultConfigurationIsVisible = 0;
			defaultConfigurationName = Release;
		};
		CD2E8BBA2D2071B900353496 /* Build configuration list for PBXNativeTarget "FindMe Watch App" */ = {
			isa = XCConfigurationList;
			buildConfigurations = (
				CD2E8BBB2D2071B900353496 /* Debug */,
				CD2E8BBC2D2071B900353496 /* Release */,
			);
			defaultConfigurationIsVisible = 0;
			defaultConfigurationName = Release;
		};
		CD2E8BBE2D2071B900353496 /* Build configuration list for PBXNativeTarget "FindMe" */ = {
			isa = XCConfigurationList;
			buildConfigurations = (
				CD2E8BBF2D2071B900353496 /* Debug */,
				CD2E8BC02D2071B900353496 /* Release */,
			);
			defaultConfigurationIsVisible = 0;
			defaultConfigurationName = Release;
		};
		CD2E8BC12D2071B900353496 /* Build configuration list for PBXNativeTarget "FindMe Watch AppTests" */ = {
			isa = XCConfigurationList;
			buildConfigurations = (
				CD2E8BC22D2071B900353496 /* Debug */,
				CD2E8BC32D2071B900353496 /* Release */,
			);
			defaultConfigurationIsVisible = 0;
			defaultConfigurationName = Release;
		};
		CD2E8BC42D2071B900353496 /* Build configuration list for PBXNativeTarget "FindMe Watch AppUITests" */ = {
			isa = XCConfigurationList;
			buildConfigurations = (
				CD2E8BC52D2071B900353496 /* Debug */,
				CD2E8BC62D2071B900353496 /* Release */,
			);
			defaultConfigurationIsVisible = 0;
			defaultConfigurationName = Release;
		};
/* End XCConfigurationList section */
	};
	rootObject = CD2E8B882D2071B700353496 /* Project object */;
}
